// !$*UTF8*$!
{
	archiveVersion = 1;
	classes = {
	};
	objectVersion = 46;
	objects = {

/* Begin PBXBuildFile section */
		7A3FC2B11CAC2ACC007A4063 /* UIEdgeInsets.swift in Sources */ = {isa = PBXBuildFile; fileRef = 7A3FC2B01CAC2ACC007A4063 /* UIEdgeInsets.swift */; };
		7A3FC2B31CAC2B0B007A4063 /* UIEdgeInsetsTests.swift in Sources */ = {isa = PBXBuildFile; fileRef = 7A3FC2B21CAC2B0B007A4063 /* UIEdgeInsetsTests.swift */; };
		7A44D05C1C187E030063575B /* Taylor.h in Headers */ = {isa = PBXBuildFile; fileRef = 7A44D05B1C187E030063575B /* Taylor.h */; settings = {ATTRIBUTES = (Public, ); }; };
		7A44D0631C187E030063575B /* Taylor.framework in Frameworks */ = {isa = PBXBuildFile; fileRef = 7A44D0581C187E030063575B /* Taylor.framework */; };
		7ACD09751CBFC641000FAAA0 /* ExtendedButton.swift in Sources */ = {isa = PBXBuildFile; fileRef = 7ACD09741CBFC641000FAAA0 /* ExtendedButton.swift */; };
		7ACD098F1CC04264000FAAA0 /* ExtendedButtonTests.swift in Sources */ = {isa = PBXBuildFile; fileRef = 7ACD098E1CC04264000FAAA0 /* ExtendedButtonTests.swift */; };
		C82DD1D81FE414B0002C3942 /* CGPoint.swift in Sources */ = {isa = PBXBuildFile; fileRef = C82DD1D71FE414B0002C3942 /* CGPoint.swift */; };
		C82DD1DA1FE41FB1002C3942 /* UIViewControllerContainer+StatusBar.swift in Sources */ = {isa = PBXBuildFile; fileRef = C82DD1D91FE41FB1002C3942 /* UIViewControllerContainer+StatusBar.swift */; };
		C82DD1DC1FE42012002C3942 /* UIControl+Actions.swift in Sources */ = {isa = PBXBuildFile; fileRef = C82DD1DB1FE42012002C3942 /* UIControl+Actions.swift */; };
		C83EC37E1FFE8BAB009290C4 /* UIView+Coordinates.swift in Sources */ = {isa = PBXBuildFile; fileRef = C83EC37D1FFE8BAB009290C4 /* UIView+Coordinates.swift */; };
		C8E5946B1FF515D4000C184D /* UIView+SafeArea.swift in Sources */ = {isa = PBXBuildFile; fileRef = C8E5946A1FF515D4000C184D /* UIView+SafeArea.swift */; };
		C8E5946D1FF5183E000C184D /* UIViewSafeAreaTests.swift in Sources */ = {isa = PBXBuildFile; fileRef = C8E5946C1FF5183E000C184D /* UIViewSafeAreaTests.swift */; };
		DF14FD9A20C18B6E00C5784B /* CGRect.swift in Sources */ = {isa = PBXBuildFile; fileRef = DFBC079F1CAC399700A7A665 /* CGRect.swift */; };
		DF14FD9B20C18B6E00C5784B /* CGSize.swift in Sources */ = {isa = PBXBuildFile; fileRef = DFBC07A01CAC399700A7A665 /* CGSize.swift */; };
		DF14FD9C20C18B6E00C5784B /* CGPoint.swift in Sources */ = {isa = PBXBuildFile; fileRef = C82DD1D71FE414B0002C3942 /* CGPoint.swift */; };
		DF14FD9D20C18B7700C5784B /* Double.swift in Sources */ = {isa = PBXBuildFile; fileRef = DFBC07A21CAC399700A7A665 /* Double.swift */; };
		DF14FD9E20C18B7700C5784B /* Int.swift in Sources */ = {isa = PBXBuildFile; fileRef = DFBFDA3E1CAEF4B600623836 /* Int.swift */; };
		DF14FD9F20C18B7700C5784B /* String.swift in Sources */ = {isa = PBXBuildFile; fileRef = DF45FE9C1CCFD1F90033F071 /* String.swift */; };
		DF14FDA020C18B7700C5784B /* CGFloat.swift in Sources */ = {isa = PBXBuildFile; fileRef = DFC8727E1DCFB8790007AE43 /* CGFloat.swift */; };
		DF14FDA120C18B7B00C5784B /* ExtendedButton.swift in Sources */ = {isa = PBXBuildFile; fileRef = 7ACD09741CBFC641000FAAA0 /* ExtendedButton.swift */; };
		DF14FDA220C18B7B00C5784B /* UIButton.swift in Sources */ = {isa = PBXBuildFile; fileRef = DFBC07A61CAC399700A7A665 /* UIButton.swift */; };
		DF14FDA320C18B7B00C5784B /* UIColor.swift in Sources */ = {isa = PBXBuildFile; fileRef = DFBC07A71CAC399700A7A665 /* UIColor.swift */; };
		DF14FDA420C18B7B00C5784B /* UIDevice.swift in Sources */ = {isa = PBXBuildFile; fileRef = DFBC07A81CAC399700A7A665 /* UIDevice.swift */; };
		DF14FDA520C18B7B00C5784B /* UIEdgeInsets.swift in Sources */ = {isa = PBXBuildFile; fileRef = 7A3FC2B01CAC2ACC007A4063 /* UIEdgeInsets.swift */; };
		DF14FDA620C18B7B00C5784B /* UIImage.swift in Sources */ = {isa = PBXBuildFile; fileRef = DF9F948A1CE35EF40008487F /* UIImage.swift */; };
		DF14FDA720C18B7B00C5784B /* UIImageView.swift in Sources */ = {isa = PBXBuildFile; fileRef = DFBC07A91CAC399700A7A665 /* UIImageView.swift */; };
		DF14FDA820C18B7B00C5784B /* UILabel.swift in Sources */ = {isa = PBXBuildFile; fileRef = DFBC07AA1CAC399700A7A665 /* UILabel.swift */; };
		DF14FDA920C18B7B00C5784B /* UIScreen.swift in Sources */ = {isa = PBXBuildFile; fileRef = DFBC07AB1CAC399700A7A665 /* UIScreen.swift */; };
		DF14FDAA20C18B7B00C5784B /* UIView.swift in Sources */ = {isa = PBXBuildFile; fileRef = DFBFDA421CAF0B0900623836 /* UIView.swift */; };
		DF14FDAB20C18B7B00C5784B /* UIViewControllerContainer+StatusBar.swift in Sources */ = {isa = PBXBuildFile; fileRef = C82DD1D91FE41FB1002C3942 /* UIViewControllerContainer+StatusBar.swift */; };
		DF14FDAC20C18B7B00C5784B /* UIControl+Actions.swift in Sources */ = {isa = PBXBuildFile; fileRef = C82DD1DB1FE42012002C3942 /* UIControl+Actions.swift */; };
		DF14FDAD20C18B7B00C5784B /* UIView+SafeArea.swift in Sources */ = {isa = PBXBuildFile; fileRef = C8E5946A1FF515D4000C184D /* UIView+SafeArea.swift */; };
		DF14FDAE20C18B7B00C5784B /* UIView+Coordinates.swift in Sources */ = {isa = PBXBuildFile; fileRef = C83EC37D1FFE8BAB009290C4 /* UIView+Coordinates.swift */; };
		DF14FDAF20C18B8B00C5784B /* NSDate.swift in Sources */ = {isa = PBXBuildFile; fileRef = DFBC07A41CAC399700A7A665 /* NSDate.swift */; };
		DF14FDB020C18BDD00C5784B /* Taylor.h in Headers */ = {isa = PBXBuildFile; fileRef = 7A44D05B1C187E030063575B /* Taylor.h */; settings = {ATTRIBUTES = (Public, ); }; };
		DF42A5A81D3EB07A00C2FE9B /* NSDateTest.swift in Sources */ = {isa = PBXBuildFile; fileRef = DF42A5A71D3EB07A00C2FE9B /* NSDateTest.swift */; };
		DF45FE9D1CCFD1F90033F071 /* String.swift in Sources */ = {isa = PBXBuildFile; fileRef = DF45FE9C1CCFD1F90033F071 /* String.swift */; };
		DF9AE4C71DD0C1EE0061B155 /* CGFloatText.swift in Sources */ = {isa = PBXBuildFile; fileRef = DF9AE4C61DD0C1EE0061B155 /* CGFloatText.swift */; };
		DF9AE4C91DD0C20F0061B155 /* StringTexts.swift in Sources */ = {isa = PBXBuildFile; fileRef = DF9AE4C81DD0C20F0061B155 /* StringTexts.swift */; };
		DF9F948B1CE35EF40008487F /* UIImage.swift in Sources */ = {isa = PBXBuildFile; fileRef = DF9F948A1CE35EF40008487F /* UIImage.swift */; };
		DF9F948D1CE360520008487F /* UIButtonTest.swift in Sources */ = {isa = PBXBuildFile; fileRef = DF9F948C1CE360520008487F /* UIButtonTest.swift */; };
		DF9F94901CE37C7B0008487F /* .swiftlint.yml in Resources */ = {isa = PBXBuildFile; fileRef = DF9F948F1CE37C7B0008487F /* .swiftlint.yml */; };
		DFBC07AD1CAC399700A7A665 /* CGRect.swift in Sources */ = {isa = PBXBuildFile; fileRef = DFBC079F1CAC399700A7A665 /* CGRect.swift */; };
		DFBC07AE1CAC399700A7A665 /* CGSize.swift in Sources */ = {isa = PBXBuildFile; fileRef = DFBC07A01CAC399700A7A665 /* CGSize.swift */; };
		DFBC07B01CAC399700A7A665 /* Double.swift in Sources */ = {isa = PBXBuildFile; fileRef = DFBC07A21CAC399700A7A665 /* Double.swift */; };
		DFBC07B21CAC399700A7A665 /* NSDate.swift in Sources */ = {isa = PBXBuildFile; fileRef = DFBC07A41CAC399700A7A665 /* NSDate.swift */; };
		DFBC07B41CAC399700A7A665 /* UIButton.swift in Sources */ = {isa = PBXBuildFile; fileRef = DFBC07A61CAC399700A7A665 /* UIButton.swift */; };
		DFBC07B51CAC399700A7A665 /* UIColor.swift in Sources */ = {isa = PBXBuildFile; fileRef = DFBC07A71CAC399700A7A665 /* UIColor.swift */; };
		DFBC07B61CAC399700A7A665 /* UIDevice.swift in Sources */ = {isa = PBXBuildFile; fileRef = DFBC07A81CAC399700A7A665 /* UIDevice.swift */; };
		DFBC07B71CAC399700A7A665 /* UIImageView.swift in Sources */ = {isa = PBXBuildFile; fileRef = DFBC07A91CAC399700A7A665 /* UIImageView.swift */; };
		DFBC07B81CAC399700A7A665 /* UILabel.swift in Sources */ = {isa = PBXBuildFile; fileRef = DFBC07AA1CAC399700A7A665 /* UILabel.swift */; };
		DFBC07B91CAC399700A7A665 /* UIScreen.swift in Sources */ = {isa = PBXBuildFile; fileRef = DFBC07AB1CAC399700A7A665 /* UIScreen.swift */; };
		DFBFDA3F1CAEF4B600623836 /* Int.swift in Sources */ = {isa = PBXBuildFile; fileRef = DFBFDA3E1CAEF4B600623836 /* Int.swift */; };
		DFBFDA431CAF0B0900623836 /* UIView.swift in Sources */ = {isa = PBXBuildFile; fileRef = DFBFDA421CAF0B0900623836 /* UIView.swift */; };
		DFC8727F1DCFB8790007AE43 /* CGFloat.swift in Sources */ = {isa = PBXBuildFile; fileRef = DFC8727E1DCFB8790007AE43 /* CGFloat.swift */; };
/* End PBXBuildFile section */

/* Begin PBXContainerItemProxy section */
		7A44D0641C187E030063575B /* PBXContainerItemProxy */ = {
			isa = PBXContainerItemProxy;
			containerPortal = 7A44D04F1C187E030063575B /* Project object */;
			proxyType = 1;
			remoteGlobalIDString = 7A44D0571C187E030063575B;
			remoteInfo = Taylor;
		};
/* End PBXContainerItemProxy section */

/* Begin PBXFileReference section */
		7A3FC2B01CAC2ACC007A4063 /* UIEdgeInsets.swift */ = {isa = PBXFileReference; fileEncoding = 4; lastKnownFileType = sourcecode.swift; path = UIEdgeInsets.swift; sourceTree = "<group>"; };
		7A3FC2B21CAC2B0B007A4063 /* UIEdgeInsetsTests.swift */ = {isa = PBXFileReference; fileEncoding = 4; lastKnownFileType = sourcecode.swift; path = UIEdgeInsetsTests.swift; sourceTree = "<group>"; };
		7A44D0581C187E030063575B /* Taylor.framework */ = {isa = PBXFileReference; explicitFileType = wrapper.framework; includeInIndex = 0; path = Taylor.framework; sourceTree = BUILT_PRODUCTS_DIR; };
		7A44D05B1C187E030063575B /* Taylor.h */ = {isa = PBXFileReference; lastKnownFileType = sourcecode.c.h; path = Taylor.h; sourceTree = "<group>"; };
		7A44D05D1C187E030063575B /* Info.plist */ = {isa = PBXFileReference; lastKnownFileType = text.plist.xml; path = Info.plist; sourceTree = "<group>"; };
		7A44D0621C187E030063575B /* TaylorTests.xctest */ = {isa = PBXFileReference; explicitFileType = wrapper.cfbundle; includeInIndex = 0; path = TaylorTests.xctest; sourceTree = BUILT_PRODUCTS_DIR; };
		7A44D0691C187E030063575B /* Info.plist */ = {isa = PBXFileReference; lastKnownFileType = text.plist.xml; path = Info.plist; sourceTree = "<group>"; };
		7ACD09741CBFC641000FAAA0 /* ExtendedButton.swift */ = {isa = PBXFileReference; fileEncoding = 4; lastKnownFileType = sourcecode.swift; path = ExtendedButton.swift; sourceTree = "<group>"; };
		7ACD098E1CC04264000FAAA0 /* ExtendedButtonTests.swift */ = {isa = PBXFileReference; fileEncoding = 4; lastKnownFileType = sourcecode.swift; path = ExtendedButtonTests.swift; sourceTree = "<group>"; };
		C82DD1D71FE414B0002C3942 /* CGPoint.swift */ = {isa = PBXFileReference; lastKnownFileType = sourcecode.swift; path = CGPoint.swift; sourceTree = "<group>"; };
		C82DD1D91FE41FB1002C3942 /* UIViewControllerContainer+StatusBar.swift */ = {isa = PBXFileReference; lastKnownFileType = sourcecode.swift; path = "UIViewControllerContainer+StatusBar.swift"; sourceTree = "<group>"; };
		C82DD1DB1FE42012002C3942 /* UIControl+Actions.swift */ = {isa = PBXFileReference; lastKnownFileType = sourcecode.swift; path = "UIControl+Actions.swift"; sourceTree = "<group>"; };
		C83EC37D1FFE8BAB009290C4 /* UIView+Coordinates.swift */ = {isa = PBXFileReference; lastKnownFileType = sourcecode.swift; path = "UIView+Coordinates.swift"; sourceTree = "<group>"; };
		C8E5946A1FF515D4000C184D /* UIView+SafeArea.swift */ = {isa = PBXFileReference; lastKnownFileType = sourcecode.swift; path = "UIView+SafeArea.swift"; sourceTree = "<group>"; };
		C8E5946C1FF5183E000C184D /* UIViewSafeAreaTests.swift */ = {isa = PBXFileReference; lastKnownFileType = sourcecode.swift; path = UIViewSafeAreaTests.swift; sourceTree = "<group>"; };
		DF14FD8920C18B0A00C5784B /* Taylor copy-Info.plist */ = {isa = PBXFileReference; lastKnownFileType = text.plist.xml; name = "Taylor copy-Info.plist"; path = "/Users/lucdion/dev/taylor-ios/Taylor copy-Info.plist"; sourceTree = "<absolute>"; };
		DF14FD8F20C18B2B00C5784B /* Taylor_tvOS.framework */ = {isa = PBXFileReference; explicitFileType = wrapper.framework; includeInIndex = 0; path = Taylor_tvOS.framework; sourceTree = BUILT_PRODUCTS_DIR; };
		DF42A5A71D3EB07A00C2FE9B /* NSDateTest.swift */ = {isa = PBXFileReference; fileEncoding = 4; lastKnownFileType = sourcecode.swift; path = NSDateTest.swift; sourceTree = "<group>"; };
		DF45FE9C1CCFD1F90033F071 /* String.swift */ = {isa = PBXFileReference; fileEncoding = 4; lastKnownFileType = sourcecode.swift; path = String.swift; sourceTree = "<group>"; };
		DF9AE4C61DD0C1EE0061B155 /* CGFloatText.swift */ = {isa = PBXFileReference; fileEncoding = 4; lastKnownFileType = sourcecode.swift; name = CGFloatText.swift; path = Types/CGFloatText.swift; sourceTree = "<group>"; };
		DF9AE4C81DD0C20F0061B155 /* StringTexts.swift */ = {isa = PBXFileReference; fileEncoding = 4; lastKnownFileType = sourcecode.swift; name = StringTexts.swift; path = Types/StringTexts.swift; sourceTree = "<group>"; };
		DF9F948A1CE35EF40008487F /* UIImage.swift */ = {isa = PBXFileReference; fileEncoding = 4; lastKnownFileType = sourcecode.swift; path = UIImage.swift; sourceTree = "<group>"; };
		DF9F948C1CE360520008487F /* UIButtonTest.swift */ = {isa = PBXFileReference; fileEncoding = 4; lastKnownFileType = sourcecode.swift; path = UIButtonTest.swift; sourceTree = "<group>"; };
		DF9F948F1CE37C7B0008487F /* .swiftlint.yml */ = {isa = PBXFileReference; fileEncoding = 4; lastKnownFileType = text; path = .swiftlint.yml; sourceTree = "<group>"; };
		DFBC079F1CAC399700A7A665 /* CGRect.swift */ = {isa = PBXFileReference; fileEncoding = 4; lastKnownFileType = sourcecode.swift; path = CGRect.swift; sourceTree = "<group>"; };
		DFBC07A01CAC399700A7A665 /* CGSize.swift */ = {isa = PBXFileReference; fileEncoding = 4; lastKnownFileType = sourcecode.swift; path = CGSize.swift; sourceTree = "<group>"; };
		DFBC07A21CAC399700A7A665 /* Double.swift */ = {isa = PBXFileReference; fileEncoding = 4; lastKnownFileType = sourcecode.swift; path = Double.swift; sourceTree = "<group>"; };
		DFBC07A41CAC399700A7A665 /* NSDate.swift */ = {isa = PBXFileReference; fileEncoding = 4; lastKnownFileType = sourcecode.swift; path = NSDate.swift; sourceTree = "<group>"; };
		DFBC07A61CAC399700A7A665 /* UIButton.swift */ = {isa = PBXFileReference; fileEncoding = 4; lastKnownFileType = sourcecode.swift; path = UIButton.swift; sourceTree = "<group>"; };
		DFBC07A71CAC399700A7A665 /* UIColor.swift */ = {isa = PBXFileReference; fileEncoding = 4; lastKnownFileType = sourcecode.swift; path = UIColor.swift; sourceTree = "<group>"; };
		DFBC07A81CAC399700A7A665 /* UIDevice.swift */ = {isa = PBXFileReference; fileEncoding = 4; lastKnownFileType = sourcecode.swift; path = UIDevice.swift; sourceTree = "<group>"; };
		DFBC07A91CAC399700A7A665 /* UIImageView.swift */ = {isa = PBXFileReference; fileEncoding = 4; lastKnownFileType = sourcecode.swift; path = UIImageView.swift; sourceTree = "<group>"; };
		DFBC07AA1CAC399700A7A665 /* UILabel.swift */ = {isa = PBXFileReference; fileEncoding = 4; lastKnownFileType = sourcecode.swift; path = UILabel.swift; sourceTree = "<group>"; };
		DFBC07AB1CAC399700A7A665 /* UIScreen.swift */ = {isa = PBXFileReference; fileEncoding = 4; lastKnownFileType = sourcecode.swift; path = UIScreen.swift; sourceTree = "<group>"; };
		DFBFDA3E1CAEF4B600623836 /* Int.swift */ = {isa = PBXFileReference; fileEncoding = 4; lastKnownFileType = sourcecode.swift; path = Int.swift; sourceTree = "<group>"; };
		DFBFDA421CAF0B0900623836 /* UIView.swift */ = {isa = PBXFileReference; fileEncoding = 4; lastKnownFileType = sourcecode.swift; path = UIView.swift; sourceTree = "<group>"; };
		DFC8727E1DCFB8790007AE43 /* CGFloat.swift */ = {isa = PBXFileReference; fileEncoding = 4; lastKnownFileType = sourcecode.swift; path = CGFloat.swift; sourceTree = "<group>"; };
/* End PBXFileReference section */

/* Begin PBXFrameworksBuildPhase section */
		7A44D0541C187E030063575B /* Frameworks */ = {
			isa = PBXFrameworksBuildPhase;
			buildActionMask = 2147483647;
			files = (
			);
			runOnlyForDeploymentPostprocessing = 0;
		};
		7A44D05F1C187E030063575B /* Frameworks */ = {
			isa = PBXFrameworksBuildPhase;
			buildActionMask = 2147483647;
			files = (
				7A44D0631C187E030063575B /* Taylor.framework in Frameworks */,
			);
			runOnlyForDeploymentPostprocessing = 0;
		};
		DF14FD8B20C18B2B00C5784B /* Frameworks */ = {
			isa = PBXFrameworksBuildPhase;
			buildActionMask = 2147483647;
			files = (
			);
			runOnlyForDeploymentPostprocessing = 0;
		};
/* End PBXFrameworksBuildPhase section */

/* Begin PBXGroup section */
		7A44D04E1C187E030063575B = {
			isa = PBXGroup;
			children = (
				DF9F948F1CE37C7B0008487F /* .swiftlint.yml */,
				DF14FD9020C18B2B00C5784B /* Taylor-tvOS */,
				7A44D0591C187E030063575B /* Products */,
				7A44D05A1C187E030063575B /* Taylor */,
				7A44D0661C187E030063575B /* TaylorTests */,
				DF14FD8920C18B0A00C5784B /* Taylor copy-Info.plist */,
			);
			sourceTree = "<group>";
		};
		7A44D0591C187E030063575B /* Products */ = {
			isa = PBXGroup;
			children = (
				7A44D0581C187E030063575B /* Taylor.framework */,
				7A44D0621C187E030063575B /* TaylorTests.xctest */,
				DF14FD8F20C18B2B00C5784B /* Taylor_tvOS.framework */,
			);
			name = Products;
			sourceTree = "<group>";
		};
		7A44D05A1C187E030063575B /* Taylor */ = {
			isa = PBXGroup;
			children = (
				7AAFBCD61CCA5B740030EF13 /* Date */,
				7AAFBCD71CCA5B800030EF13 /* Geometry */,
				7AAFBCD41CCA5B5E0030EF13 /* Types */,
				7AAFBCD51CCA5B6E0030EF13 /* UI */,
				7A44D05D1C187E030063575B /* Info.plist */,
				7A44D05B1C187E030063575B /* Taylor.h */,
			);
			path = Taylor;
			sourceTree = "<group>";
		};
		7A44D0661C187E030063575B /* TaylorTests */ = {
			isa = PBXGroup;
			children = (
				DF9AE4C31DD0C0CB0061B155 /* Types */,
				7ACD098E1CC04264000FAAA0 /* ExtendedButtonTests.swift */,
				7A44D0691C187E030063575B /* Info.plist */,
				DF9F948C1CE360520008487F /* UIButtonTest.swift */,
				DF42A5A71D3EB07A00C2FE9B /* NSDateTest.swift */,
				7A3FC2B21CAC2B0B007A4063 /* UIEdgeInsetsTests.swift */,
				C8E5946C1FF5183E000C184D /* UIViewSafeAreaTests.swift */,
			);
			path = TaylorTests;
			sourceTree = "<group>";
		};
		7AAFBCD41CCA5B5E0030EF13 /* Types */ = {
			isa = PBXGroup;
			children = (
				DFBC07A21CAC399700A7A665 /* Double.swift */,
				DFBFDA3E1CAEF4B600623836 /* Int.swift */,
				DF45FE9C1CCFD1F90033F071 /* String.swift */,
				DFC8727E1DCFB8790007AE43 /* CGFloat.swift */,
			);
			path = Types;
			sourceTree = "<group>";
		};
		7AAFBCD51CCA5B6E0030EF13 /* UI */ = {
			isa = PBXGroup;
			children = (
				7ACD09741CBFC641000FAAA0 /* ExtendedButton.swift */,
				DFBC07A61CAC399700A7A665 /* UIButton.swift */,
				DFBC07A71CAC399700A7A665 /* UIColor.swift */,
				DFBC07A81CAC399700A7A665 /* UIDevice.swift */,
				7A3FC2B01CAC2ACC007A4063 /* UIEdgeInsets.swift */,
				DF9F948A1CE35EF40008487F /* UIImage.swift */,
				DFBC07A91CAC399700A7A665 /* UIImageView.swift */,
				DFBC07AA1CAC399700A7A665 /* UILabel.swift */,
				DFBC07AB1CAC399700A7A665 /* UIScreen.swift */,
				DFBFDA421CAF0B0900623836 /* UIView.swift */,
				C82DD1D91FE41FB1002C3942 /* UIViewControllerContainer+StatusBar.swift */,
				C82DD1DB1FE42012002C3942 /* UIControl+Actions.swift */,
				C8E5946A1FF515D4000C184D /* UIView+SafeArea.swift */,
				C83EC37D1FFE8BAB009290C4 /* UIView+Coordinates.swift */,
			);
			path = UI;
			sourceTree = "<group>";
		};
		7AAFBCD61CCA5B740030EF13 /* Date */ = {
			isa = PBXGroup;
			children = (
				DFBC07A41CAC399700A7A665 /* NSDate.swift */,
			);
			path = Date;
			sourceTree = "<group>";
		};
		7AAFBCD71CCA5B800030EF13 /* Geometry */ = {
			isa = PBXGroup;
			children = (
				DFBC079F1CAC399700A7A665 /* CGRect.swift */,
				DFBC07A01CAC399700A7A665 /* CGSize.swift */,
				C82DD1D71FE414B0002C3942 /* CGPoint.swift */,
			);
			path = Geometry;
			sourceTree = "<group>";
		};
		DF14FD9020C18B2B00C5784B /* Taylor-tvOS */ = {
			isa = PBXGroup;
			children = (
			);
			path = "Taylor-tvOS";
			sourceTree = "<group>";
		};
		DF9AE4C31DD0C0CB0061B155 /* Types */ = {
			isa = PBXGroup;
			children = (
				DF9AE4C61DD0C1EE0061B155 /* CGFloatText.swift */,
				DF9AE4C81DD0C20F0061B155 /* StringTexts.swift */,
			);
			name = Types;
			sourceTree = "<group>";
		};
/* End PBXGroup section */

/* Begin PBXHeadersBuildPhase section */
		7A44D0551C187E030063575B /* Headers */ = {
			isa = PBXHeadersBuildPhase;
			buildActionMask = 2147483647;
			files = (
				7A44D05C1C187E030063575B /* Taylor.h in Headers */,
			);
			runOnlyForDeploymentPostprocessing = 0;
		};
		DF14FD8C20C18B2B00C5784B /* Headers */ = {
			isa = PBXHeadersBuildPhase;
			buildActionMask = 2147483647;
			files = (
				DF14FDB020C18BDD00C5784B /* Taylor.h in Headers */,
			);
			runOnlyForDeploymentPostprocessing = 0;
		};
/* End PBXHeadersBuildPhase section */

/* Begin PBXNativeTarget section */
		7A44D0571C187E030063575B /* Taylor */ = {
			isa = PBXNativeTarget;
			buildConfigurationList = 7A44D06C1C187E030063575B /* Build configuration list for PBXNativeTarget "Taylor" */;
			buildPhases = (
				7A44D0531C187E030063575B /* Sources */,
				7A44D0541C187E030063575B /* Frameworks */,
				7A44D0551C187E030063575B /* Headers */,
				7A44D0561C187E030063575B /* Resources */,
			);
			buildRules = (
			);
			dependencies = (
			);
			name = Taylor;
			productName = Taylor;
			productReference = 7A44D0581C187E030063575B /* Taylor.framework */;
			productType = "com.apple.product-type.framework";
		};
		7A44D0611C187E030063575B /* TaylorTests */ = {
			isa = PBXNativeTarget;
			buildConfigurationList = 7A44D06F1C187E030063575B /* Build configuration list for PBXNativeTarget "TaylorTests" */;
			buildPhases = (
				7A44D05E1C187E030063575B /* Sources */,
				7A44D05F1C187E030063575B /* Frameworks */,
				7A44D0601C187E030063575B /* Resources */,
			);
			buildRules = (
			);
			dependencies = (
				7A44D0651C187E030063575B /* PBXTargetDependency */,
			);
			name = TaylorTests;
			productName = TaylorTests;
			productReference = 7A44D0621C187E030063575B /* TaylorTests.xctest */;
			productType = "com.apple.product-type.bundle.unit-test";
		};
		DF14FD8E20C18B2B00C5784B /* Taylor-tvOS */ = {
			isa = PBXNativeTarget;
			buildConfigurationList = DF14FD9420C18B2B00C5784B /* Build configuration list for PBXNativeTarget "Taylor-tvOS" */;
			buildPhases = (
				DF14FD8A20C18B2B00C5784B /* Sources */,
				DF14FD8B20C18B2B00C5784B /* Frameworks */,
				DF14FD8C20C18B2B00C5784B /* Headers */,
				DF14FD8D20C18B2B00C5784B /* Resources */,
			);
			buildRules = (
			);
			dependencies = (
			);
			name = "Taylor-tvOS";
			productName = "Taylor-tvOS";
			productReference = DF14FD8F20C18B2B00C5784B /* Taylor_tvOS.framework */;
			productType = "com.apple.product-type.framework";
		};
/* End PBXNativeTarget section */

/* Begin PBXProject section */
		7A44D04F1C187E030063575B /* Project object */ = {
			isa = PBXProject;
			attributes = {
				LastSwiftUpdateCheck = 0730;
				LastUpgradeCheck = 0900;
				ORGANIZATIONNAME = Mirego;
				TargetAttributes = {
					7A44D0571C187E030063575B = {
						CreatedOnToolsVersion = 7.1;
						LastSwiftMigration = 0900;
					};
					7A44D0611C187E030063575B = {
						CreatedOnToolsVersion = 7.1;
						LastSwiftMigration = 0900;
					};
					DF14FD8E20C18B2B00C5784B = {
						CreatedOnToolsVersion = 9.4;
						ProvisioningStyle = Automatic;
					};
				};
			};
			buildConfigurationList = 7A44D0521C187E030063575B /* Build configuration list for PBXProject "Taylor" */;
			compatibilityVersion = "Xcode 3.2";
			developmentRegion = English;
			hasScannedForEncodings = 0;
			knownRegions = (
				en,
			);
			mainGroup = 7A44D04E1C187E030063575B;
			productRefGroup = 7A44D0591C187E030063575B /* Products */;
			projectDirPath = "";
			projectRoot = "";
			targets = (
				7A44D0571C187E030063575B /* Taylor */,
				DF14FD8E20C18B2B00C5784B /* Taylor-tvOS */,
				7A44D0611C187E030063575B /* TaylorTests */,
			);
		};
/* End PBXProject section */

/* Begin PBXResourcesBuildPhase section */
		7A44D0561C187E030063575B /* Resources */ = {
			isa = PBXResourcesBuildPhase;
			buildActionMask = 2147483647;
			files = (
				DF9F94901CE37C7B0008487F /* .swiftlint.yml in Resources */,
			);
			runOnlyForDeploymentPostprocessing = 0;
		};
		7A44D0601C187E030063575B /* Resources */ = {
			isa = PBXResourcesBuildPhase;
			buildActionMask = 2147483647;
			files = (
			);
			runOnlyForDeploymentPostprocessing = 0;
		};
		DF14FD8D20C18B2B00C5784B /* Resources */ = {
			isa = PBXResourcesBuildPhase;
			buildActionMask = 2147483647;
			files = (
			);
			runOnlyForDeploymentPostprocessing = 0;
		};
/* End PBXResourcesBuildPhase section */

/* Begin PBXSourcesBuildPhase section */
		7A44D0531C187E030063575B /* Sources */ = {
			isa = PBXSourcesBuildPhase;
			buildActionMask = 2147483647;
			files = (
				DFBC07B61CAC399700A7A665 /* UIDevice.swift in Sources */,
				7ACD09751CBFC641000FAAA0 /* ExtendedButton.swift in Sources */,
				7A3FC2B11CAC2ACC007A4063 /* UIEdgeInsets.swift in Sources */,
				C82DD1DA1FE41FB1002C3942 /* UIViewControllerContainer+StatusBar.swift in Sources */,
				DFBC07AE1CAC399700A7A665 /* CGSize.swift in Sources */,
				C82DD1D81FE414B0002C3942 /* CGPoint.swift in Sources */,
				DFBC07B21CAC399700A7A665 /* NSDate.swift in Sources */,
				DFBC07AD1CAC399700A7A665 /* CGRect.swift in Sources */,
				DFBC07B01CAC399700A7A665 /* Double.swift in Sources */,
				DFBC07B81CAC399700A7A665 /* UILabel.swift in Sources */,
				DFBC07B41CAC399700A7A665 /* UIButton.swift in Sources */,
				DF9F948B1CE35EF40008487F /* UIImage.swift in Sources */,
				DFBFDA3F1CAEF4B600623836 /* Int.swift in Sources */,
				C82DD1DC1FE42012002C3942 /* UIControl+Actions.swift in Sources */,
				DFC8727F1DCFB8790007AE43 /* CGFloat.swift in Sources */,
				DFBC07B71CAC399700A7A665 /* UIImageView.swift in Sources */,
				C83EC37E1FFE8BAB009290C4 /* UIView+Coordinates.swift in Sources */,
				DFBC07B91CAC399700A7A665 /* UIScreen.swift in Sources */,
				DF45FE9D1CCFD1F90033F071 /* String.swift in Sources */,
				DFBFDA431CAF0B0900623836 /* UIView.swift in Sources */,
				C8E5946B1FF515D4000C184D /* UIView+SafeArea.swift in Sources */,
				DFBC07B51CAC399700A7A665 /* UIColor.swift in Sources */,
			);
			runOnlyForDeploymentPostprocessing = 0;
		};
		7A44D05E1C187E030063575B /* Sources */ = {
			isa = PBXSourcesBuildPhase;
			buildActionMask = 2147483647;
			files = (
				DF9AE4C91DD0C20F0061B155 /* StringTexts.swift in Sources */,
				DF9F948D1CE360520008487F /* UIButtonTest.swift in Sources */,
				DF9AE4C71DD0C1EE0061B155 /* CGFloatText.swift in Sources */,
				7ACD098F1CC04264000FAAA0 /* ExtendedButtonTests.swift in Sources */,
				C8E5946D1FF5183E000C184D /* UIViewSafeAreaTests.swift in Sources */,
				7A3FC2B31CAC2B0B007A4063 /* UIEdgeInsetsTests.swift in Sources */,
				DF42A5A81D3EB07A00C2FE9B /* NSDateTest.swift in Sources */,
			);
			runOnlyForDeploymentPostprocessing = 0;
		};
		DF14FD8A20C18B2B00C5784B /* Sources */ = {
			isa = PBXSourcesBuildPhase;
			buildActionMask = 2147483647;
			files = (
				DF14FDAF20C18B8B00C5784B /* NSDate.swift in Sources */,
				DF14FDAD20C18B7B00C5784B /* UIView+SafeArea.swift in Sources */,
				DF14FD9F20C18B7700C5784B /* String.swift in Sources */,
				DF14FDAC20C18B7B00C5784B /* UIControl+Actions.swift in Sources */,
				DF14FD9B20C18B6E00C5784B /* CGSize.swift in Sources */,
				DF14FDA720C18B7B00C5784B /* UIImageView.swift in Sources */,
				DF14FDA520C18B7B00C5784B /* UIEdgeInsets.swift in Sources */,
				DF14FDA020C18B7700C5784B /* CGFloat.swift in Sources */,
				DF14FD9C20C18B6E00C5784B /* CGPoint.swift in Sources */,
				DF14FDAE20C18B7B00C5784B /* UIView+Coordinates.swift in Sources */,
				DF14FDA120C18B7B00C5784B /* ExtendedButton.swift in Sources */,
				DF14FDA920C18B7B00C5784B /* UIScreen.swift in Sources */,
				DF14FDA420C18B7B00C5784B /* UIDevice.swift in Sources */,
				DF14FD9E20C18B7700C5784B /* Int.swift in Sources */,
				DF14FD9D20C18B7700C5784B /* Double.swift in Sources */,
				DF14FDA820C18B7B00C5784B /* UILabel.swift in Sources */,
				DF14FD9A20C18B6E00C5784B /* CGRect.swift in Sources */,
				DF14FDAA20C18B7B00C5784B /* UIView.swift in Sources */,
				DF14FDA220C18B7B00C5784B /* UIButton.swift in Sources */,
				DF14FDA620C18B7B00C5784B /* UIImage.swift in Sources */,
				DF14FDAB20C18B7B00C5784B /* UIViewControllerContainer+StatusBar.swift in Sources */,
				DF14FDA320C18B7B00C5784B /* UIColor.swift in Sources */,
			);
			runOnlyForDeploymentPostprocessing = 0;
		};
/* End PBXSourcesBuildPhase section */

/* Begin PBXTargetDependency section */
		7A44D0651C187E030063575B /* PBXTargetDependency */ = {
			isa = PBXTargetDependency;
			target = 7A44D0571C187E030063575B /* Taylor */;
			targetProxy = 7A44D0641C187E030063575B /* PBXContainerItemProxy */;
		};
/* End PBXTargetDependency section */

/* Begin XCBuildConfiguration section */
		7A44D06A1C187E030063575B /* Debug */ = {
			isa = XCBuildConfiguration;
			buildSettings = {
				ALWAYS_SEARCH_USER_PATHS = NO;
				CLANG_CXX_LANGUAGE_STANDARD = "gnu++0x";
				CLANG_CXX_LIBRARY = "libc++";
				CLANG_ENABLE_MODULES = YES;
				CLANG_ENABLE_OBJC_ARC = YES;
				CLANG_WARN_BLOCK_CAPTURE_AUTORELEASING = YES;
				CLANG_WARN_BOOL_CONVERSION = YES;
				CLANG_WARN_COMMA = YES;
				CLANG_WARN_CONSTANT_CONVERSION = YES;
				CLANG_WARN_DIRECT_OBJC_ISA_USAGE = YES_ERROR;
				CLANG_WARN_EMPTY_BODY = YES;
				CLANG_WARN_ENUM_CONVERSION = YES;
				CLANG_WARN_INFINITE_RECURSION = YES;
				CLANG_WARN_INT_CONVERSION = YES;
				CLANG_WARN_NON_LITERAL_NULL_CONVERSION = YES;
				CLANG_WARN_OBJC_LITERAL_CONVERSION = YES;
				CLANG_WARN_OBJC_ROOT_CLASS = YES_ERROR;
				CLANG_WARN_RANGE_LOOP_ANALYSIS = YES;
				CLANG_WARN_STRICT_PROTOTYPES = YES;
				CLANG_WARN_SUSPICIOUS_MOVE = YES;
				CLANG_WARN_UNREACHABLE_CODE = YES;
				CLANG_WARN__DUPLICATE_METHOD_MATCH = YES;
				"CODE_SIGN_IDENTITY[sdk=iphoneos*]" = "iPhone Developer";
				COPY_PHASE_STRIP = NO;
				CURRENT_PROJECT_VERSION = 1;
				DEBUG_INFORMATION_FORMAT = dwarf;
				ENABLE_STRICT_OBJC_MSGSEND = YES;
				ENABLE_TESTABILITY = YES;
				GCC_C_LANGUAGE_STANDARD = gnu99;
				GCC_DYNAMIC_NO_PIC = NO;
				GCC_NO_COMMON_BLOCKS = YES;
				GCC_OPTIMIZATION_LEVEL = 0;
				GCC_PREPROCESSOR_DEFINITIONS = (
					"DEBUG=1",
					"$(inherited)",
				);
				GCC_WARN_64_TO_32_BIT_CONVERSION = YES;
				GCC_WARN_ABOUT_RETURN_TYPE = YES_ERROR;
				GCC_WARN_UNDECLARED_SELECTOR = YES;
				GCC_WARN_UNINITIALIZED_AUTOS = YES_AGGRESSIVE;
				GCC_WARN_UNUSED_FUNCTION = YES;
				GCC_WARN_UNUSED_VARIABLE = YES;
				IPHONEOS_DEPLOYMENT_TARGET = 8.0;
				MTL_ENABLE_DEBUG_INFO = YES;
				ONLY_ACTIVE_ARCH = YES;
				SDKROOT = iphoneos;
				SWIFT_OPTIMIZATION_LEVEL = "-Onone";
				SWIFT_SWIFT3_OBJC_INFERENCE = Default;
				TARGETED_DEVICE_FAMILY = "1,2";
				VERSIONING_SYSTEM = "apple-generic";
				VERSION_INFO_PREFIX = "";
			};
			name = Debug;
		};
		7A44D06B1C187E030063575B /* Release */ = {
			isa = XCBuildConfiguration;
			buildSettings = {
				ALWAYS_SEARCH_USER_PATHS = NO;
				CLANG_CXX_LANGUAGE_STANDARD = "gnu++0x";
				CLANG_CXX_LIBRARY = "libc++";
				CLANG_ENABLE_MODULES = YES;
				CLANG_ENABLE_OBJC_ARC = YES;
				CLANG_WARN_BLOCK_CAPTURE_AUTORELEASING = YES;
				CLANG_WARN_BOOL_CONVERSION = YES;
				CLANG_WARN_COMMA = YES;
				CLANG_WARN_CONSTANT_CONVERSION = YES;
				CLANG_WARN_DIRECT_OBJC_ISA_USAGE = YES_ERROR;
				CLANG_WARN_EMPTY_BODY = YES;
				CLANG_WARN_ENUM_CONVERSION = YES;
				CLANG_WARN_INFINITE_RECURSION = YES;
				CLANG_WARN_INT_CONVERSION = YES;
				CLANG_WARN_NON_LITERAL_NULL_CONVERSION = YES;
				CLANG_WARN_OBJC_LITERAL_CONVERSION = YES;
				CLANG_WARN_OBJC_ROOT_CLASS = YES_ERROR;
				CLANG_WARN_RANGE_LOOP_ANALYSIS = YES;
				CLANG_WARN_STRICT_PROTOTYPES = YES;
				CLANG_WARN_SUSPICIOUS_MOVE = YES;
				CLANG_WARN_UNREACHABLE_CODE = YES;
				CLANG_WARN__DUPLICATE_METHOD_MATCH = YES;
				"CODE_SIGN_IDENTITY[sdk=iphoneos*]" = "iPhone Developer";
				COPY_PHASE_STRIP = NO;
				CURRENT_PROJECT_VERSION = 1;
				DEBUG_INFORMATION_FORMAT = "dwarf-with-dsym";
				ENABLE_NS_ASSERTIONS = NO;
				ENABLE_STRICT_OBJC_MSGSEND = YES;
				GCC_C_LANGUAGE_STANDARD = gnu99;
				GCC_NO_COMMON_BLOCKS = YES;
				GCC_WARN_64_TO_32_BIT_CONVERSION = YES;
				GCC_WARN_ABOUT_RETURN_TYPE = YES_ERROR;
				GCC_WARN_UNDECLARED_SELECTOR = YES;
				GCC_WARN_UNINITIALIZED_AUTOS = YES_AGGRESSIVE;
				GCC_WARN_UNUSED_FUNCTION = YES;
				GCC_WARN_UNUSED_VARIABLE = YES;
				IPHONEOS_DEPLOYMENT_TARGET = 8.0;
				MTL_ENABLE_DEBUG_INFO = NO;
				SDKROOT = iphoneos;
				SWIFT_SWIFT3_OBJC_INFERENCE = Default;
				TARGETED_DEVICE_FAMILY = "1,2";
				VALIDATE_PRODUCT = YES;
				VERSIONING_SYSTEM = "apple-generic";
				VERSION_INFO_PREFIX = "";
			};
			name = Release;
		};
		7A44D06D1C187E030063575B /* Debug */ = {
			isa = XCBuildConfiguration;
			buildSettings = {
				CLANG_ENABLE_MODULES = YES;
				"CODE_SIGN_IDENTITY[sdk=iphoneos*]" = "";
				DEFINES_MODULE = YES;
				DYLIB_COMPATIBILITY_VERSION = 1;
				DYLIB_CURRENT_VERSION = 1;
				DYLIB_INSTALL_NAME_BASE = "@rpath";
				INFOPLIST_FILE = Taylor/Info.plist;
				INSTALL_PATH = "$(LOCAL_LIBRARY_DIR)/Frameworks";
				IPHONEOS_DEPLOYMENT_TARGET = 8.0;
				LD_RUNPATH_SEARCH_PATHS = "$(inherited) @executable_path/Frameworks @loader_path/Frameworks";
				PRODUCT_BUNDLE_IDENTIFIER = com.mirego.Taylor;
				PRODUCT_NAME = "$(TARGET_NAME)";
				SKIP_INSTALL = YES;
				SWIFT_OPTIMIZATION_LEVEL = "-Onone";
				SWIFT_VERSION = 4.0;
			};
			name = Debug;
		};
		7A44D06E1C187E030063575B /* Release */ = {
			isa = XCBuildConfiguration;
			buildSettings = {
				CLANG_ENABLE_MODULES = YES;
				"CODE_SIGN_IDENTITY[sdk=iphoneos*]" = "";
				DEFINES_MODULE = YES;
				DYLIB_COMPATIBILITY_VERSION = 1;
				DYLIB_CURRENT_VERSION = 1;
				DYLIB_INSTALL_NAME_BASE = "@rpath";
				INFOPLIST_FILE = Taylor/Info.plist;
				INSTALL_PATH = "$(LOCAL_LIBRARY_DIR)/Frameworks";
				IPHONEOS_DEPLOYMENT_TARGET = 8.0;
				LD_RUNPATH_SEARCH_PATHS = "$(inherited) @executable_path/Frameworks @loader_path/Frameworks";
				PRODUCT_BUNDLE_IDENTIFIER = com.mirego.Taylor;
				PRODUCT_NAME = "$(TARGET_NAME)";
				SKIP_INSTALL = YES;
				SWIFT_OPTIMIZATION_LEVEL = "-Owholemodule";
				SWIFT_VERSION = 4.0;
			};
			name = Release;
		};
		7A44D0701C187E030063575B /* Debug */ = {
			isa = XCBuildConfiguration;
			buildSettings = {
				CLANG_ENABLE_MODULES = YES;
				INFOPLIST_FILE = TaylorTests/Info.plist;
				LD_RUNPATH_SEARCH_PATHS = "$(inherited) @executable_path/Frameworks @loader_path/Frameworks";
				PRODUCT_BUNDLE_IDENTIFIER = com.mirego.TaylorTests;
				PRODUCT_NAME = "$(TARGET_NAME)";
				SWIFT_OPTIMIZATION_LEVEL = "-Onone";
				SWIFT_VERSION = 4.0;
			};
			name = Debug;
		};
		7A44D0711C187E030063575B /* Release */ = {
			isa = XCBuildConfiguration;
			buildSettings = {
				CLANG_ENABLE_MODULES = YES;
				INFOPLIST_FILE = TaylorTests/Info.plist;
				LD_RUNPATH_SEARCH_PATHS = "$(inherited) @executable_path/Frameworks @loader_path/Frameworks";
				PRODUCT_BUNDLE_IDENTIFIER = com.mirego.TaylorTests;
				PRODUCT_NAME = "$(TARGET_NAME)";
				SWIFT_OPTIMIZATION_LEVEL = "-Owholemodule";
				SWIFT_VERSION = 4.0;
			};
			name = Release;
		};
		DF14FD9520C18B2B00C5784B /* Debug */ = {
			isa = XCBuildConfiguration;
			buildSettings = {
				CLANG_ANALYZER_NONNULL = YES;
				CLANG_ANALYZER_NUMBER_OBJECT_CONVERSION = YES_AGGRESSIVE;
				CLANG_CXX_LANGUAGE_STANDARD = "gnu++14";
				CLANG_ENABLE_OBJC_WEAK = YES;
				CLANG_WARN_DEPRECATED_OBJC_IMPLEMENTATIONS = YES;
				CLANG_WARN_DOCUMENTATION_COMMENTS = YES;
				CLANG_WARN_OBJC_IMPLICIT_RETAIN_SELF = YES;
				CLANG_WARN_UNGUARDED_AVAILABILITY = YES_AGGRESSIVE;
				CODE_SIGN_IDENTITY = "";
				CODE_SIGN_STYLE = Automatic;
				DEFINES_MODULE = YES;
				DYLIB_COMPATIBILITY_VERSION = 1;
				DYLIB_CURRENT_VERSION = 1;
				DYLIB_INSTALL_NAME_BASE = "@rpath";
				GCC_C_LANGUAGE_STANDARD = gnu11;
				INFOPLIST_FILE = Taylor/Info.plist;
				INSTALL_PATH = "$(LOCAL_LIBRARY_DIR)/Frameworks";
				LD_RUNPATH_SEARCH_PATHS = "$(inherited) @executable_path/Frameworks @loader_path/Frameworks";
				PRODUCT_BUNDLE_IDENTIFIER = "com.mirego.Taylor-tvOS";
				PRODUCT_NAME = "$(TARGET_NAME:c99extidentifier)";
				SDKROOT = appletvos;
				SKIP_INSTALL = YES;
				SWIFT_ACTIVE_COMPILATION_CONDITIONS = DEBUG;
				SWIFT_VERSION = 4.0;
				TARGETED_DEVICE_FAMILY = 3;
				TVOS_DEPLOYMENT_TARGET = 11.4;
			};
			name = Debug;
		};
		DF14FD9620C18B2B00C5784B /* Release */ = {
			isa = XCBuildConfiguration;
			buildSettings = {
				CLANG_ANALYZER_NONNULL = YES;
				CLANG_ANALYZER_NUMBER_OBJECT_CONVERSION = YES_AGGRESSIVE;
				CLANG_CXX_LANGUAGE_STANDARD = "gnu++14";
				CLANG_ENABLE_OBJC_WEAK = YES;
				CLANG_WARN_DEPRECATED_OBJC_IMPLEMENTATIONS = YES;
				CLANG_WARN_DOCUMENTATION_COMMENTS = YES;
				CLANG_WARN_OBJC_IMPLICIT_RETAIN_SELF = YES;
				CLANG_WARN_UNGUARDED_AVAILABILITY = YES_AGGRESSIVE;
				CODE_SIGN_IDENTITY = "";
				CODE_SIGN_STYLE = Automatic;
				DEFINES_MODULE = YES;
				DYLIB_COMPATIBILITY_VERSION = 1;
				DYLIB_CURRENT_VERSION = 1;
				DYLIB_INSTALL_NAME_BASE = "@rpath";
				GCC_C_LANGUAGE_STANDARD = gnu11;
				INFOPLIST_FILE = Taylor/Info.plist;
				INSTALL_PATH = "$(LOCAL_LIBRARY_DIR)/Frameworks";
				LD_RUNPATH_SEARCH_PATHS = "$(inherited) @executable_path/Frameworks @loader_path/Frameworks";
				PRODUCT_BUNDLE_IDENTIFIER = "com.mirego.Taylor-tvOS";
				PRODUCT_NAME = "$(TARGET_NAME:c99extidentifier)";
				SDKROOT = appletvos;
				SKIP_INSTALL = YES;
				SWIFT_OPTIMIZATION_LEVEL = "-Owholemodule";
				SWIFT_VERSION = 4.0;
				TARGETED_DEVICE_FAMILY = 3;
				TVOS_DEPLOYMENT_TARGET = 11.4;
			};
			name = Release;
		};
/* End XCBuildConfiguration section */

/* Begin XCConfigurationList section */
		7A44D0521C187E030063575B /* Build configuration list for PBXProject "Taylor" */ = {
			isa = XCConfigurationList;
			buildConfigurations = (
				7A44D06A1C187E030063575B /* Debug */,
				7A44D06B1C187E030063575B /* Release */,
			);
			defaultConfigurationIsVisible = 0;
			defaultConfigurationName = Release;
		};
		7A44D06C1C187E030063575B /* Build configuration list for PBXNativeTarget "Taylor" */ = {
			isa = XCConfigurationList;
			buildConfigurations = (
				7A44D06D1C187E030063575B /* Debug */,
				7A44D06E1C187E030063575B /* Release */,
			);
			defaultConfigurationIsVisible = 0;
			defaultConfigurationName = Release;
		};
		7A44D06F1C187E030063575B /* Build configuration list for PBXNativeTarget "TaylorTests" */ = {
			isa = XCConfigurationList;
			buildConfigurations = (
				7A44D0701C187E030063575B /* Debug */,
				7A44D0711C187E030063575B /* Release */,
			);
			defaultConfigurationIsVisible = 0;
			defaultConfigurationName = Release;
		};
		DF14FD9420C18B2B00C5784B /* Build configuration list for PBXNativeTarget "Taylor-tvOS" */ = {
			isa = XCConfigurationList;
			buildConfigurations = (
				DF14FD9520C18B2B00C5784B /* Debug */,
				DF14FD9620C18B2B00C5784B /* Release */,
			);
			defaultConfigurationIsVisible = 0;
			defaultConfigurationName = Release;
		};
/* End XCConfigurationList section */
	};
	rootObject = 7A44D04F1C187E030063575B /* Project object */;
}
